
Microsoft Visual Studio Solution File, Format Version 12.00
# Visual Studio Version 16
VisualStudioVersion = 16.0.29230.47
MinimumVisualStudioVersion = 10.0.40219.1
Project("{FAE04EC0-301F-11D3-BF4B-00C04F79EFBC}") = "n01364240-assignment1", "n01364240-assignment1.csproj", "{2DD6B67B-6068-4FCD-9A06-A099539A9D9F}"
EndProject
Global
	GlobalSection(SolutionConfigurationPlatforms) = preSolution
		Debug|Any CPU = Debug|Any CPU
		Release|Any CPU = Release|Any CPU
	EndGlobalSection
	GlobalSection(ProjectConfigurationPlatforms) = postSolution
		{2DD6B67B-6068-4FCD-9A06-A099539A9D9F}.Debug|Any CPU.ActiveCfg = Debug|Any CPU
		{2DD6B67B-6068-4FCD-9A06-A099539A9D9F}.Debug|Any CPU.Build.0 = Debug|Any CPU
		{2DD6B67B-6068-4FCD-9A06-A099539A9D9F}.Release|Any CPU.ActiveCfg = Release|Any CPU
		{2DD6B67B-6068-4FCD-9A06-A099539A9D9F}.Release|Any CPU.Build.0 = Release|Any CPU
	EndGlobalSection
	GlobalSection(SolutionProperties) = preSolution
		HideSolutionNode = FALSE
	EndGlobalSection
	GlobalSection(ExtensibilityGlobals) = postSolution
		SolutionGuid = {B38849F0-5262-4F2D-9899-EC6AABB96120}
	EndGlobalSection
EndGlobal
